// !$*UTF8*$!
{
	archiveVersion = 1;
	classes = {
	};
	objectVersion = 48;
	objects = {

/* Begin PBXBuildFile section */
		45C07F1B1F8A35AF0091D7D1 /* TimePointImpl.swift in Sources */ = {isa = PBXBuildFile; fileRef = 45C07F1A1F8A35AD0091D7D1 /* TimePointImpl.swift */; };
		45C07F1C1F8A35AF0091D7D1 /* TimePointImpl.swift in Sources */ = {isa = PBXBuildFile; fileRef = 45C07F1A1F8A35AD0091D7D1 /* TimePointImpl.swift */; };
		45C07F1E1F8A35CB0091D7D1 /* ObjectIdentifier.extension.swift in Sources */ = {isa = PBXBuildFile; fileRef = 45C07F1D1F8A35CB0091D7D1 /* ObjectIdentifier.extension.swift */; };
		45C07F1F1F8A35CB0091D7D1 /* ObjectIdentifier.extension.swift in Sources */ = {isa = PBXBuildFile; fileRef = 45C07F1D1F8A35CB0091D7D1 /* ObjectIdentifier.extension.swift */; };
		45C07F211F8A35E40091D7D1 /* assertMainThread.swift in Sources */ = {isa = PBXBuildFile; fileRef = 45C07F201F8A35E40091D7D1 /* assertMainThread.swift */; };
		45C07F221F8A35E40091D7D1 /* assertMainThread.swift in Sources */ = {isa = PBXBuildFile; fileRef = 45C07F201F8A35E40091D7D1 /* assertMainThread.swift */; };
		45C07F2B1F8A36DE0091D7D1 /* Tests.swift in Sources */ = {isa = PBXBuildFile; fileRef = 45C07F2A1F8A36DE0091D7D1 /* Tests.swift */; };
		45C07F2D1F8A36DE0091D7D1 /* libEonilTimePoint.a in Frameworks */ = {isa = PBXBuildFile; fileRef = 45C07F031F8A35720091D7D1 /* libEonilTimePoint.a */; };
		45C07F381F8A3B1E0091D7D1 /* TimePoint.swift in Sources */ = {isa = PBXBuildFile; fileRef = 45C07F371F8A3B1E0091D7D1 /* TimePoint.swift */; };
		45C07F391F8A3B1E0091D7D1 /* TimePoint.swift in Sources */ = {isa = PBXBuildFile; fileRef = 45C07F371F8A3B1E0091D7D1 /* TimePoint.swift */; };
/* End PBXBuildFile section */

/* Begin PBXContainerItemProxy section */
		45C07F2E1F8A36DE0091D7D1 /* PBXContainerItemProxy */ = {
			isa = PBXContainerItemProxy;
			containerPortal = 45C07EF71F8A35290091D7D1 /* Project object */;
			proxyType = 1;
			remoteGlobalIDString = 45C07F021F8A35720091D7D1;
			remoteInfo = "EonilTimePoint-macOS";
		};
/* End PBXContainerItemProxy section */

/* Begin PBXCopyFilesBuildPhase section */
		45C07F0F1F8A35900091D7D1 /* CopyFiles */ = {
			isa = PBXCopyFilesBuildPhase;
			buildActionMask = 2147483647;
			dstPath = "include/$(PRODUCT_NAME)";
			dstSubfolderSpec = 16;
			files = (
			);
			runOnlyForDeploymentPostprocessing = 0;
		};
/* End PBXCopyFilesBuildPhase section */

/* Begin PBXFileReference section */
		45C07F031F8A35720091D7D1 /* libEonilTimePoint.a */ = {isa = PBXFileReference; explicitFileType = archive.ar; includeInIndex = 0; path = libEonilTimePoint.a; sourceTree = BUILT_PRODUCTS_DIR; };
		45C07F111F8A35900091D7D1 /* libEonilTimePoint.a */ = {isa = PBXFileReference; explicitFileType = archive.ar; includeInIndex = 0; path = libEonilTimePoint.a; sourceTree = BUILT_PRODUCTS_DIR; };
		45C07F1A1F8A35AD0091D7D1 /* TimePointImpl.swift */ = {isa = PBXFileReference; lastKnownFileType = sourcecode.swift; path = TimePointImpl.swift; sourceTree = "<group>"; };
		45C07F1D1F8A35CB0091D7D1 /* ObjectIdentifier.extension.swift */ = {isa = PBXFileReference; lastKnownFileType = sourcecode.swift; path = ObjectIdentifier.extension.swift; sourceTree = "<group>"; };
		45C07F201F8A35E40091D7D1 /* assertMainThread.swift */ = {isa = PBXFileReference; lastKnownFileType = sourcecode.swift; path = assertMainThread.swift; sourceTree = "<group>"; };
		45C07F231F8A36020091D7D1 /* LICENSE.md */ = {isa = PBXFileReference; lastKnownFileType = net.daringfireball.markdown; path = LICENSE.md; sourceTree = "<group>"; };
		45C07F281F8A36DE0091D7D1 /* EonilTimePoint-macOS-Tests.xctest */ = {isa = PBXFileReference; explicitFileType = wrapper.cfbundle; includeInIndex = 0; path = "EonilTimePoint-macOS-Tests.xctest"; sourceTree = BUILT_PRODUCTS_DIR; };
		45C07F2A1F8A36DE0091D7D1 /* Tests.swift */ = {isa = PBXFileReference; lastKnownFileType = sourcecode.swift; path = Tests.swift; sourceTree = "<group>"; };
		45C07F2C1F8A36DE0091D7D1 /* Info.plist */ = {isa = PBXFileReference; lastKnownFileType = text.plist.xml; path = Info.plist; sourceTree = "<group>"; };
		45C07F351F8A37A80091D7D1 /* README.md */ = {isa = PBXFileReference; lastKnownFileType = net.daringfireball.markdown; path = README.md; sourceTree = "<group>"; };
		45C07F371F8A3B1E0091D7D1 /* TimePoint.swift */ = {isa = PBXFileReference; lastKnownFileType = sourcecode.swift; path = TimePoint.swift; sourceTree = "<group>"; };
/* End PBXFileReference section */

/* Begin PBXFrameworksBuildPhase section */
		45C07F001F8A35720091D7D1 /* Frameworks */ = {
			isa = PBXFrameworksBuildPhase;
			buildActionMask = 2147483647;
			files = (
			);
			runOnlyForDeploymentPostprocessing = 0;
		};
		45C07F0E1F8A35900091D7D1 /* Frameworks */ = {
			isa = PBXFrameworksBuildPhase;
			buildActionMask = 2147483647;
			files = (
			);
			runOnlyForDeploymentPostprocessing = 0;
		};
		45C07F251F8A36DE0091D7D1 /* Frameworks */ = {
			isa = PBXFrameworksBuildPhase;
			buildActionMask = 2147483647;
			files = (
				45C07F2D1F8A36DE0091D7D1 /* libEonilTimePoint.a in Frameworks */,
			);
			runOnlyForDeploymentPostprocessing = 0;
		};
/* End PBXFrameworksBuildPhase section */

/* Begin PBXGroup section */
		45C07EF61F8A35290091D7D1 = {
			isa = PBXGroup;
			children = (
				45C07F351F8A37A80091D7D1 /* README.md */,
				45C07F231F8A36020091D7D1 /* LICENSE.md */,
				45C07EFE1F8A35630091D7D1 /* Sources */,
				45C07F291F8A36DE0091D7D1 /* Tests */,
				45C07F041F8A35720091D7D1 /* Products */,
			);
			sourceTree = "<group>";
		};
		45C07EFE1F8A35630091D7D1 /* Sources */ = {
			isa = PBXGroup;
			children = (
				45C07F371F8A3B1E0091D7D1 /* TimePoint.swift */,
				45C07F1A1F8A35AD0091D7D1 /* TimePointImpl.swift */,
				45C07F1D1F8A35CB0091D7D1 /* ObjectIdentifier.extension.swift */,
				45C07F201F8A35E40091D7D1 /* assertMainThread.swift */,
			);
			path = Sources;
			sourceTree = "<group>";
		};
		45C07F041F8A35720091D7D1 /* Products */ = {
			isa = PBXGroup;
			children = (
				45C07F031F8A35720091D7D1 /* libEonilTimePoint.a */,
				45C07F111F8A35900091D7D1 /* libEonilTimePoint.a */,
				45C07F281F8A36DE0091D7D1 /* EonilTimePoint-macOS-Tests.xctest */,
			);
			name = Products;
			sourceTree = "<group>";
		};
		45C07F291F8A36DE0091D7D1 /* Tests */ = {
			isa = PBXGroup;
			children = (
				45C07F2C1F8A36DE0091D7D1 /* Info.plist */,
				45C07F2A1F8A36DE0091D7D1 /* Tests.swift */,
			);
			path = Tests;
			sourceTree = "<group>";
		};
/* End PBXGroup section */

/* Begin PBXHeadersBuildPhase section */
		45C07F011F8A35720091D7D1 /* Headers */ = {
			isa = PBXHeadersBuildPhase;
			buildActionMask = 2147483647;
			files = (
			);
			runOnlyForDeploymentPostprocessing = 0;
		};
/* End PBXHeadersBuildPhase section */

/* Begin PBXNativeTarget section */
		45C07F021F8A35720091D7D1 /* EonilTimePoint-macOS */ = {
			isa = PBXNativeTarget;
			buildConfigurationList = 45C07F0A1F8A35720091D7D1 /* Build configuration list for PBXNativeTarget "EonilTimePoint-macOS" */;
			buildPhases = (
				45C07EFF1F8A35720091D7D1 /* Sources */,
				45C07F001F8A35720091D7D1 /* Frameworks */,
				45C07F011F8A35720091D7D1 /* Headers */,
			);
			buildRules = (
			);
			dependencies = (
			);
			name = "EonilTimePoint-macOS";
			productName = "EonilTimepointID-macOS";
			productReference = 45C07F031F8A35720091D7D1 /* libEonilTimePoint.a */;
			productType = "com.apple.product-type.library.static";
		};
		45C07F101F8A35900091D7D1 /* EonilTimePoint-iOS */ = {
			isa = PBXNativeTarget;
			buildConfigurationList = 45C07F171F8A35900091D7D1 /* Build configuration list for PBXNativeTarget "EonilTimePoint-iOS" */;
			buildPhases = (
				45C07F0D1F8A35900091D7D1 /* Sources */,
				45C07F0E1F8A35900091D7D1 /* Frameworks */,
				45C07F0F1F8A35900091D7D1 /* CopyFiles */,
			);
			buildRules = (
			);
			dependencies = (
			);
			name = "EonilTimePoint-iOS";
			productName = "EonilTimepointID-iOS";
			productReference = 45C07F111F8A35900091D7D1 /* libEonilTimePoint.a */;
			productType = "com.apple.product-type.library.static";
		};
		45C07F271F8A36DE0091D7D1 /* EonilTimePoint-macOS-Tests */ = {
			isa = PBXNativeTarget;
			buildConfigurationList = 45C07F301F8A36DE0091D7D1 /* Build configuration list for PBXNativeTarget "EonilTimePoint-macOS-Tests" */;
			buildPhases = (
				45C07F241F8A36DE0091D7D1 /* Sources */,
				45C07F251F8A36DE0091D7D1 /* Frameworks */,
				45C07F261F8A36DE0091D7D1 /* Resources */,
			);
			buildRules = (
			);
			dependencies = (
				45C07F2F1F8A36DE0091D7D1 /* PBXTargetDependency */,
			);
			name = "EonilTimePoint-macOS-Tests";
			productName = Tests;
			productReference = 45C07F281F8A36DE0091D7D1 /* EonilTimePoint-macOS-Tests.xctest */;
			productType = "com.apple.product-type.bundle.unit-test";
		};
/* End PBXNativeTarget section */

/* Begin PBXProject section */
		45C07EF71F8A35290091D7D1 /* Project object */ = {
			isa = PBXProject;
			attributes = {
				LastSwiftUpdateCheck = 0900;
				LastUpgradeCheck = 0900;
				TargetAttributes = {
					45C07F021F8A35720091D7D1 = {
						CreatedOnToolsVersion = 9.0;
						LastSwiftMigration = 0900;
					};
					45C07F101F8A35900091D7D1 = {
						CreatedOnToolsVersion = 9.0;
						LastSwiftMigration = 0900;
					};
					45C07F271F8A36DE0091D7D1 = {
						CreatedOnToolsVersion = 9.0;
					};
				};
			};
			buildConfigurationList = 45C07EFA1F8A35290091D7D1 /* Build configuration list for PBXProject "EonilTimePoint" */;
			compatibilityVersion = "Xcode 8.0";
			developmentRegion = en;
			hasScannedForEncodings = 0;
			knownRegions = (
				en,
			);
			mainGroup = 45C07EF61F8A35290091D7D1;
			productRefGroup = 45C07F041F8A35720091D7D1 /* Products */;
			projectDirPath = "";
			projectRoot = "";
			targets = (
				45C07F021F8A35720091D7D1 /* EonilTimePoint-macOS */,
				45C07F101F8A35900091D7D1 /* EonilTimePoint-iOS */,
				45C07F271F8A36DE0091D7D1 /* EonilTimePoint-macOS-Tests */,
			);
		};
/* End PBXProject section */

/* Begin PBXResourcesBuildPhase section */
		45C07F261F8A36DE0091D7D1 /* Resources */ = {
			isa = PBXResourcesBuildPhase;
			buildActionMask = 2147483647;
			files = (
			);
			runOnlyForDeploymentPostprocessing = 0;
		};
/* End PBXResourcesBuildPhase section */

/* Begin PBXSourcesBuildPhase section */
		45C07EFF1F8A35720091D7D1 /* Sources */ = {
			isa = PBXSourcesBuildPhase;
			buildActionMask = 2147483647;
			files = (
				45C07F1E1F8A35CB0091D7D1 /* ObjectIdentifier.extension.swift in Sources */,
				45C07F1B1F8A35AF0091D7D1 /* TimePointImpl.swift in Sources */,
				45C07F211F8A35E40091D7D1 /* assertMainThread.swift in Sources */,
				45C07F381F8A3B1E0091D7D1 /* TimePoint.swift in Sources */,
			);
			runOnlyForDeploymentPostprocessing = 0;
		};
		45C07F0D1F8A35900091D7D1 /* Sources */ = {
			isa = PBXSourcesBuildPhase;
			buildActionMask = 2147483647;
			files = (
				45C07F1F1F8A35CB0091D7D1 /* ObjectIdentifier.extension.swift in Sources */,
				45C07F1C1F8A35AF0091D7D1 /* TimePointImpl.swift in Sources */,
				45C07F221F8A35E40091D7D1 /* assertMainThread.swift in Sources */,
				45C07F391F8A3B1E0091D7D1 /* TimePoint.swift in Sources */,
			);
			runOnlyForDeploymentPostprocessing = 0;
		};
		45C07F241F8A36DE0091D7D1 /* Sources */ = {
			isa = PBXSourcesBuildPhase;
			buildActionMask = 2147483647;
			files = (
				45C07F2B1F8A36DE0091D7D1 /* Tests.swift in Sources */,
			);
			runOnlyForDeploymentPostprocessing = 0;
		};
/* End PBXSourcesBuildPhase section */

/* Begin PBXTargetDependency section */
		45C07F2F1F8A36DE0091D7D1 /* PBXTargetDependency */ = {
			isa = PBXTargetDependency;
			target = 45C07F021F8A35720091D7D1 /* EonilTimePoint-macOS */;
			targetProxy = 45C07F2E1F8A36DE0091D7D1 /* PBXContainerItemProxy */;
		};
/* End PBXTargetDependency section */

/* Begin XCBuildConfiguration section */
		45C07EFB1F8A35290091D7D1 /* Debug */ = {
			isa = XCBuildConfiguration;
			buildSettings = {
				PRODUCT_NAME = "$(PROJECT_NAME)";
				SWIFT_VERSION = 4.0;
			};
			name = Debug;
		};
		45C07EFC1F8A35290091D7D1 /* Release */ = {
			isa = XCBuildConfiguration;
			buildSettings = {
				PRODUCT_NAME = "$(PROJECT_NAME)";
				SWIFT_VERSION = 4.0;
			};
			name = Release;
		};
		45C07F0B1F8A35720091D7D1 /* Debug */ = {
			isa = XCBuildConfiguration;
			buildSettings = {
				ALWAYS_SEARCH_USER_PATHS = NO;
				CLANG_ANALYZER_NONNULL = YES;
				CLANG_ANALYZER_NUMBER_OBJECT_CONVERSION = YES_AGGRESSIVE;
				CLANG_CXX_LANGUAGE_STANDARD = "gnu++14";
				CLANG_CXX_LIBRARY = "libc++";
				CLANG_ENABLE_MODULES = YES;
				CLANG_ENABLE_OBJC_ARC = YES;
				CLANG_WARN_BLOCK_CAPTURE_AUTORELEASING = YES;
				CLANG_WARN_BOOL_CONVERSION = YES;
				CLANG_WARN_COMMA = YES;
				CLANG_WARN_CONSTANT_CONVERSION = YES;
				CLANG_WARN_DIRECT_OBJC_ISA_USAGE = YES_ERROR;
				CLANG_WARN_DOCUMENTATION_COMMENTS = YES;
				CLANG_WARN_EMPTY_BODY = YES;
				CLANG_WARN_ENUM_CONVERSION = YES;
				CLANG_WARN_INFINITE_RECURSION = YES;
				CLANG_WARN_INT_CONVERSION = YES;
				CLANG_WARN_NON_LITERAL_NULL_CONVERSION = YES;
				CLANG_WARN_OBJC_LITERAL_CONVERSION = YES;
				CLANG_WARN_OBJC_ROOT_CLASS = YES_ERROR;
				CLANG_WARN_RANGE_LOOP_ANALYSIS = YES;
				CLANG_WARN_STRICT_PROTOTYPES = YES;
				CLANG_WARN_SUSPICIOUS_MOVE = YES;
				CLANG_WARN_UNGUARDED_AVAILABILITY = YES_AGGRESSIVE;
				CLANG_WARN_UNREACHABLE_CODE = YES;
				CLANG_WARN__DUPLICATE_METHOD_MATCH = YES;
				COPY_PHASE_STRIP = NO;
				DEBUG_INFORMATION_FORMAT = dwarf;
				ENABLE_STRICT_OBJC_MSGSEND = YES;
				ENABLE_TESTABILITY = YES;
				EXECUTABLE_PREFIX = lib;
				GCC_C_LANGUAGE_STANDARD = gnu11;
				GCC_DYNAMIC_NO_PIC = NO;
				GCC_NO_COMMON_BLOCKS = YES;
				GCC_OPTIMIZATION_LEVEL = 0;
				GCC_PREPROCESSOR_DEFINITIONS = (
					"DEBUG=1",
					"$(inherited)",
				);
				GCC_WARN_64_TO_32_BIT_CONVERSION = YES;
				GCC_WARN_ABOUT_RETURN_TYPE = YES_ERROR;
				GCC_WARN_UNDECLARED_SELECTOR = YES;
				GCC_WARN_UNINITIALIZED_AUTOS = YES_AGGRESSIVE;
				GCC_WARN_UNUSED_FUNCTION = YES;
				GCC_WARN_UNUSED_VARIABLE = YES;
				LD_RUNPATH_SEARCH_PATHS = "$(inherited) @executable_path/../Frameworks @loader_path/../Frameworks";
				MACOSX_DEPLOYMENT_TARGET = 10.13;
				MTL_ENABLE_DEBUG_INFO = YES;
				ONLY_ACTIVE_ARCH = YES;
				SDKROOT = macosx;
				SWIFT_OPTIMIZATION_LEVEL = "-Onone";
				SWIFT_VERSION = 3.0;
			};
			name = Debug;
		};
		45C07F0C1F8A35720091D7D1 /* Release */ = {
			isa = XCBuildConfiguration;
			buildSettings = {
				ALWAYS_SEARCH_USER_PATHS = NO;
				CLANG_ANALYZER_NONNULL = YES;
				CLANG_ANALYZER_NUMBER_OBJECT_CONVERSION = YES_AGGRESSIVE;
				CLANG_CXX_LANGUAGE_STANDARD = "gnu++14";
				CLANG_CXX_LIBRARY = "libc++";
				CLANG_ENABLE_MODULES = YES;
				CLANG_ENABLE_OBJC_ARC = YES;
				CLANG_WARN_BLOCK_CAPTURE_AUTORELEASING = YES;
				CLANG_WARN_BOOL_CONVERSION = YES;
				CLANG_WARN_COMMA = YES;
				CLANG_WARN_CONSTANT_CONVERSION = YES;
				CLANG_WARN_DIRECT_OBJC_ISA_USAGE = YES_ERROR;
				CLANG_WARN_DOCUMENTATION_COMMENTS = YES;
				CLANG_WARN_EMPTY_BODY = YES;
				CLANG_WARN_ENUM_CONVERSION = YES;
				CLANG_WARN_INFINITE_RECURSION = YES;
				CLANG_WARN_INT_CONVERSION = YES;
				CLANG_WARN_NON_LITERAL_NULL_CONVERSION = YES;
				CLANG_WARN_OBJC_LITERAL_CONVERSION = YES;
				CLANG_WARN_OBJC_ROOT_CLASS = YES_ERROR;
				CLANG_WARN_RANGE_LOOP_ANALYSIS = YES;
				CLANG_WARN_STRICT_PROTOTYPES = YES;
				CLANG_WARN_SUSPICIOUS_MOVE = YES;
				CLANG_WARN_UNGUARDED_AVAILABILITY = YES_AGGRESSIVE;
				CLANG_WARN_UNREACHABLE_CODE = YES;
				CLANG_WARN__DUPLICATE_METHOD_MATCH = YES;
				COPY_PHASE_STRIP = NO;
				DEBUG_INFORMATION_FORMAT = "dwarf-with-dsym";
				ENABLE_NS_ASSERTIONS = NO;
				ENABLE_STRICT_OBJC_MSGSEND = YES;
				EXECUTABLE_PREFIX = lib;
				GCC_C_LANGUAGE_STANDARD = gnu11;
				GCC_NO_COMMON_BLOCKS = YES;
				GCC_WARN_64_TO_32_BIT_CONVERSION = YES;
				GCC_WARN_ABOUT_RETURN_TYPE = YES_ERROR;
				GCC_WARN_UNDECLARED_SELECTOR = YES;
				GCC_WARN_UNINITIALIZED_AUTOS = YES_AGGRESSIVE;
				GCC_WARN_UNUSED_FUNCTION = YES;
				GCC_WARN_UNUSED_VARIABLE = YES;
				LD_RUNPATH_SEARCH_PATHS = "$(inherited) @executable_path/../Frameworks @loader_path/../Frameworks";
				MACOSX_DEPLOYMENT_TARGET = 10.13;
				MTL_ENABLE_DEBUG_INFO = NO;
				SDKROOT = macosx;
				SWIFT_VERSION = 3.0;
			};
			name = Release;
		};
		45C07F181F8A35900091D7D1 /* Debug */ = {
			isa = XCBuildConfiguration;
			buildSettings = {
				ALWAYS_SEARCH_USER_PATHS = NO;
				CLANG_ANALYZER_NONNULL = YES;
				CLANG_ANALYZER_NUMBER_OBJECT_CONVERSION = YES_AGGRESSIVE;
				CLANG_CXX_LANGUAGE_STANDARD = "gnu++14";
				CLANG_CXX_LIBRARY = "libc++";
				CLANG_ENABLE_MODULES = YES;
				CLANG_ENABLE_OBJC_ARC = YES;
				CLANG_WARN_BLOCK_CAPTURE_AUTORELEASING = YES;
				CLANG_WARN_BOOL_CONVERSION = YES;
				CLANG_WARN_COMMA = YES;
				CLANG_WARN_CONSTANT_CONVERSION = YES;
				CLANG_WARN_DIRECT_OBJC_ISA_USAGE = YES_ERROR;
				CLANG_WARN_DOCUMENTATION_COMMENTS = YES;
				CLANG_WARN_EMPTY_BODY = YES;
				CLANG_WARN_ENUM_CONVERSION = YES;
				CLANG_WARN_INFINITE_RECURSION = YES;
				CLANG_WARN_INT_CONVERSION = YES;
				CLANG_WARN_NON_LITERAL_NULL_CONVERSION = YES;
				CLANG_WARN_OBJC_LITERAL_CONVERSION = YES;
				CLANG_WARN_OBJC_ROOT_CLASS = YES_ERROR;
				CLANG_WARN_RANGE_LOOP_ANALYSIS = YES;
				CLANG_WARN_STRICT_PROTOTYPES = YES;
				CLANG_WARN_SUSPICIOUS_MOVE = YES;
				CLANG_WARN_UNGUARDED_AVAILABILITY = YES_AGGRESSIVE;
				CLANG_WARN_UNREACHABLE_CODE = YES;
				CLANG_WARN__DUPLICATE_METHOD_MATCH = YES;
				COPY_PHASE_STRIP = NO;
				DEBUG_INFORMATION_FORMAT = dwarf;
				ENABLE_STRICT_OBJC_MSGSEND = YES;
				ENABLE_TESTABILITY = YES;
				GCC_C_LANGUAGE_STANDARD = gnu11;
				GCC_DYNAMIC_NO_PIC = NO;
				GCC_NO_COMMON_BLOCKS = YES;
				GCC_OPTIMIZATION_LEVEL = 0;
				GCC_PREPROCESSOR_DEFINITIONS = (
					"DEBUG=1",
					"$(inherited)",
				);
				GCC_WARN_64_TO_32_BIT_CONVERSION = YES;
				GCC_WARN_ABOUT_RETURN_TYPE = YES_ERROR;
				GCC_WARN_UNDECLARED_SELECTOR = YES;
				GCC_WARN_UNINITIALIZED_AUTOS = YES_AGGRESSIVE;
				GCC_WARN_UNUSED_FUNCTION = YES;
				GCC_WARN_UNUSED_VARIABLE = YES;
				IPHONEOS_DEPLOYMENT_TARGET = 11.0;
				LD_RUNPATH_SEARCH_PATHS = "$(inherited) @executable_path/Frameworks @loader_path/Frameworks";
				MTL_ENABLE_DEBUG_INFO = YES;
				ONLY_ACTIVE_ARCH = YES;
				OTHER_LDFLAGS = "-ObjC";
				SDKROOT = iphoneos;
				SKIP_INSTALL = YES;
				SWIFT_OPTIMIZATION_LEVEL = "-Onone";
				SWIFT_VERSION = 3.0;
				TARGETED_DEVICE_FAMILY = "1,2";
			};
			name = Debug;
		};
		45C07F191F8A35900091D7D1 /* Release */ = {
			isa = XCBuildConfiguration;
			buildSettings = {
				ALWAYS_SEARCH_USER_PATHS = NO;
				CLANG_ANALYZER_NONNULL = YES;
				CLANG_ANALYZER_NUMBER_OBJECT_CONVERSION = YES_AGGRESSIVE;
				CLANG_CXX_LANGUAGE_STANDARD = "gnu++14";
				CLANG_CXX_LIBRARY = "libc++";
				CLANG_ENABLE_MODULES = YES;
				CLANG_ENABLE_OBJC_ARC = YES;
				CLANG_WARN_BLOCK_CAPTURE_AUTORELEASING = YES;
				CLANG_WARN_BOOL_CONVERSION = YES;
				CLANG_WARN_COMMA = YES;
				CLANG_WARN_CONSTANT_CONVERSION = YES;
				CLANG_WARN_DIRECT_OBJC_ISA_USAGE = YES_ERROR;
				CLANG_WARN_DOCUMENTATION_COMMENTS = YES;
				CLANG_WARN_EMPTY_BODY = YES;
				CLANG_WARN_ENUM_CONVERSION = YES;
				CLANG_WARN_INFINITE_RECURSION = YES;
				CLANG_WARN_INT_CONVERSION = YES;
				CLANG_WARN_NON_LITERAL_NULL_CONVERSION = YES;
				CLANG_WARN_OBJC_LITERAL_CONVERSION = YES;
				CLANG_WARN_OBJC_ROOT_CLASS = YES_ERROR;
				CLANG_WARN_RANGE_LOOP_ANALYSIS = YES;
				CLANG_WARN_STRICT_PROTOTYPES = YES;
				CLANG_WARN_SUSPICIOUS_MOVE = YES;
				CLANG_WARN_UNGUARDED_AVAILABILITY = YES_AGGRESSIVE;
				CLANG_WARN_UNREACHABLE_CODE = YES;
				CLANG_WARN__DUPLICATE_METHOD_MATCH = YES;
				COPY_PHASE_STRIP = NO;
				DEBUG_INFORMATION_FORMAT = "dwarf-with-dsym";
				ENABLE_NS_ASSERTIONS = NO;
				ENABLE_STRICT_OBJC_MSGSEND = YES;
				GCC_C_LANGUAGE_STANDARD = gnu11;
				GCC_NO_COMMON_BLOCKS = YES;
				GCC_WARN_64_TO_32_BIT_CONVERSION = YES;
				GCC_WARN_ABOUT_RETURN_TYPE = YES_ERROR;
				GCC_WARN_UNDECLARED_SELECTOR = YES;
				GCC_WARN_UNINITIALIZED_AUTOS = YES_AGGRESSIVE;
				GCC_WARN_UNUSED_FUNCTION = YES;
				GCC_WARN_UNUSED_VARIABLE = YES;
				IPHONEOS_DEPLOYMENT_TARGET = 11.0;
				LD_RUNPATH_SEARCH_PATHS = "$(inherited) @executable_path/Frameworks @loader_path/Frameworks";
				MTL_ENABLE_DEBUG_INFO = NO;
				OTHER_LDFLAGS = "-ObjC";
				SDKROOT = iphoneos;
				SKIP_INSTALL = YES;
				SWIFT_VERSION = 3.0;
				TARGETED_DEVICE_FAMILY = "1,2";
				VALIDATE_PRODUCT = YES;
			};
			name = Release;
		};
		45C07F311F8A36DE0091D7D1 /* Debug */ = {
			isa = XCBuildConfiguration;
			buildSettings = {
				ALWAYS_SEARCH_USER_PATHS = NO;
				CLANG_ANALYZER_NONNULL = YES;
				CLANG_ANALYZER_NUMBER_OBJECT_CONVERSION = YES_AGGRESSIVE;
				CLANG_CXX_LANGUAGE_STANDARD = "gnu++14";
				CLANG_CXX_LIBRARY = "libc++";
				CLANG_ENABLE_MODULES = YES;
				CLANG_ENABLE_OBJC_ARC = YES;
				CLANG_WARN_BLOCK_CAPTURE_AUTORELEASING = YES;
				CLANG_WARN_BOOL_CONVERSION = YES;
				CLANG_WARN_COMMA = YES;
				CLANG_WARN_CONSTANT_CONVERSION = YES;
				CLANG_WARN_DIRECT_OBJC_ISA_USAGE = YES_ERROR;
				CLANG_WARN_DOCUMENTATION_COMMENTS = YES;
				CLANG_WARN_EMPTY_BODY = YES;
				CLANG_WARN_ENUM_CONVERSION = YES;
				CLANG_WARN_INFINITE_RECURSION = YES;
				CLANG_WARN_INT_CONVERSION = YES;
				CLANG_WARN_NON_LITERAL_NULL_CONVERSION = YES;
				CLANG_WARN_OBJC_LITERAL_CONVERSION = YES;
				CLANG_WARN_OBJC_ROOT_CLASS = YES_ERROR;
				CLANG_WARN_RANGE_LOOP_ANALYSIS = YES;
				CLANG_WARN_STRICT_PROTOTYPES = YES;
				CLANG_WARN_SUSPICIOUS_MOVE = YES;
				CLANG_WARN_UNGUARDED_AVAILABILITY = YES_AGGRESSIVE;
				CLANG_WARN_UNREACHABLE_CODE = YES;
				CLANG_WARN__DUPLICATE_METHOD_MATCH = YES;
				COMBINE_HIDPI_IMAGES = YES;
				COPY_PHASE_STRIP = NO;
				DEBUG_INFORMATION_FORMAT = dwarf;
				ENABLE_STRICT_OBJC_MSGSEND = YES;
				ENABLE_TESTABILITY = YES;
				GCC_C_LANGUAGE_STANDARD = gnu11;
				GCC_DYNAMIC_NO_PIC = NO;
				GCC_NO_COMMON_BLOCKS = YES;
				GCC_OPTIMIZATION_LEVEL = 0;
				GCC_PREPROCESSOR_DEFINITIONS = (
					"DEBUG=1",
					"$(inherited)",
				);
				GCC_WARN_64_TO_32_BIT_CONVERSION = YES;
				GCC_WARN_ABOUT_RETURN_TYPE = YES_ERROR;
				GCC_WARN_UNDECLARED_SELECTOR = YES;
				GCC_WARN_UNINITIALIZED_AUTOS = YES_AGGRESSIVE;
				GCC_WARN_UNUSED_FUNCTION = YES;
				GCC_WARN_UNUSED_VARIABLE = YES;
				INFOPLIST_FILE = Tests/Info.plist;
				LD_RUNPATH_SEARCH_PATHS = "$(inherited) @executable_path/../Frameworks @loader_path/../Frameworks";
				MACOSX_DEPLOYMENT_TARGET = 10.13;
				MTL_ENABLE_DEBUG_INFO = YES;
				ONLY_ACTIVE_ARCH = YES;
				PRODUCT_BUNDLE_IDENTIFIER = Eonil.Tests;
				PRODUCT_NAME = "$(TARGET_NAME)";
				SDKROOT = macosx;
				SWIFT_ACTIVE_COMPILATION_CONDITIONS = DEBUG;
				SWIFT_OPTIMIZATION_LEVEL = "-Onone";
				SWIFT_VERSION = 4.0;
			};
			name = Debug;
		};
		45C07F321F8A36DE0091D7D1 /* Release */ = {
			isa = XCBuildConfiguration;
			buildSettings = {
				ALWAYS_SEARCH_USER_PATHS = NO;
				CLANG_ANALYZER_NONNULL = YES;
				CLANG_ANALYZER_NUMBER_OBJECT_CONVERSION = YES_AGGRESSIVE;
				CLANG_CXX_LANGUAGE_STANDARD = "gnu++14";
				CLANG_CXX_LIBRARY = "libc++";
				CLANG_ENABLE_MODULES = YES;
				CLANG_ENABLE_OBJC_ARC = YES;
				CLANG_WARN_BLOCK_CAPTURE_AUTORELEASING = YES;
				CLANG_WARN_BOOL_CONVERSION = YES;
				CLANG_WARN_COMMA = YES;
				CLANG_WARN_CONSTANT_CONVERSION = YES;
				CLANG_WARN_DIRECT_OBJC_ISA_USAGE = YES_ERROR;
				CLANG_WARN_DOCUMENTATION_COMMENTS = YES;
				CLANG_WARN_EMPTY_BODY = YES;
				CLANG_WARN_ENUM_CONVERSION = YES;
				CLANG_WARN_INFINITE_RECURSION = YES;
				CLANG_WARN_INT_CONVERSION = YES;
				CLANG_WARN_NON_LITERAL_NULL_CONVERSION = YES;
				CLANG_WARN_OBJC_LITERAL_CONVERSION = YES;
				CLANG_WARN_OBJC_ROOT_CLASS = YES_ERROR;
				CLANG_WARN_RANGE_LOOP_ANALYSIS = YES;
				CLANG_WARN_STRICT_PROTOTYPES = YES;
				CLANG_WARN_SUSPICIOUS_MOVE = YES;
				CLANG_WARN_UNGUARDED_AVAILABILITY = YES_AGGRESSIVE;
				CLANG_WARN_UNREACHABLE_CODE = YES;
				CLANG_WARN__DUPLICATE_METHOD_MATCH = YES;
				COMBINE_HIDPI_IMAGES = YES;
				COPY_PHASE_STRIP = NO;
				DEBUG_INFORMATION_FORMAT = "dwarf-with-dsym";
				ENABLE_NS_ASSERTIONS = NO;
				ENABLE_STRICT_OBJC_MSGSEND = YES;
				GCC_C_LANGUAGE_STANDARD = gnu11;
				GCC_NO_COMMON_BLOCKS = YES;
				GCC_WARN_64_TO_32_BIT_CONVERSION = YES;
				GCC_WARN_ABOUT_RETURN_TYPE = YES_ERROR;
				GCC_WARN_UNDECLARED_SELECTOR = YES;
				GCC_WARN_UNINITIALIZED_AUTOS = YES_AGGRESSIVE;
				GCC_WARN_UNUSED_FUNCTION = YES;
				GCC_WARN_UNUSED_VARIABLE = YES;
				INFOPLIST_FILE = Tests/Info.plist;
				LD_RUNPATH_SEARCH_PATHS = "$(inherited) @executable_path/../Frameworks @loader_path/../Frameworks";
				MACOSX_DEPLOYMENT_TARGET = 10.13;
				MTL_ENABLE_DEBUG_INFO = NO;
				PRODUCT_BUNDLE_IDENTIFIER = Eonil.Tests;
				PRODUCT_NAME = "$(TARGET_NAME)";
				SDKROOT = macosx;
				SWIFT_OPTIMIZATION_LEVEL = "-Owholemodule";
				SWIFT_VERSION = 4.0;
			};
			name = Release;
		};
/* End XCBuildConfiguration section */

/* Begin XCConfigurationList section */
		45C07EFA1F8A35290091D7D1 /* Build configuration list for PBXProject "EonilTimePoint" */ = {
			isa = XCConfigurationList;
			buildConfigurations = (
				45C07EFB1F8A35290091D7D1 /* Debug */,
				45C07EFC1F8A35290091D7D1 /* Release */,
			);
			defaultConfigurationIsVisible = 0;
			defaultConfigurationName = Release;
		};
		45C07F0A1F8A35720091D7D1 /* Build configuration list for PBXNativeTarget "EonilTimePoint-macOS" */ = {
			isa = XCConfigurationList;
			buildConfigurations = (
				45C07F0B1F8A35720091D7D1 /* Debug */,
				45C07F0C1F8A35720091D7D1 /* Release */,
			);
			defaultConfigurationIsVisible = 0;
			defaultConfigurationName = Release;
		};
		45C07F171F8A35900091D7D1 /* Build configuration list for PBXNativeTarget "EonilTimePoint-iOS" */ = {
			isa = XCConfigurationList;
			buildConfigurations = (
				45C07F181F8A35900091D7D1 /* Debug */,
				45C07F191F8A35900091D7D1 /* Release */,
			);
			defaultConfigurationIsVisible = 0;
			defaultConfigurationName = Release;
		};
		45C07F301F8A36DE0091D7D1 /* Build configuration list for PBXNativeTarget "EonilTimePoint-macOS-Tests" */ = {
			isa = XCConfigurationList;
			buildConfigurations = (
				45C07F311F8A36DE0091D7D1 /* Debug */,
				45C07F321F8A36DE0091D7D1 /* Release */,
			);
			defaultConfigurationIsVisible = 0;
			defaultConfigurationName = Release;
		};
/* End XCConfigurationList section */
	};
	rootObject = 45C07EF71F8A35290091D7D1 /* Project object */;
}
